Microsoft Visual Studio Solution File, Format Version 12.00
# Visual Studio 2012
Project("{FAE04EC0-301F-11D3-BF4B-00C04F79EFBC}") = "Project", "Project.csproj", "{D99C5FBE-1179-41C8-B1CC-0A9FA3F234B1}"
EndProject
Global
	GlobalSection(SolutionConfigurationPlatforms) = preSolution
	Debug|Any CPU = Debug|Any CPU
	ExportDebug|Any CPU = ExportDebug|Any CPU
	ExportRelease|Any CPU = ExportRelease|Any CPU
	EndGlobalSection
	GlobalSection(ProjectConfigurationPlatforms) = postSolution
		{D99C5FBE-1179-41C8-B1CC-0A9FA3F234B1}.Debug|Any CPU.ActiveCfg = Debug|Any CPU
		{D99C5FBE-1179-41C8-B1CC-0A9FA3F234B1}.Debug|Any CPU.Build.0 = Debug|Any CPU
		{D99C5FBE-1179-41C8-B1CC-0A9FA3F234B1}.ExportDebug|Any CPU.ActiveCfg = ExportDebug|Any CPU
		{D99C5FBE-1179-41C8-B1CC-0A9FA3F234B1}.ExportDebug|Any CPU.Build.0 = ExportDebug|Any CPU
		{D99C5FBE-1179-41C8-B1CC-0A9FA3F234B1}.ExportRelease|Any CPU.ActiveCfg = ExportRelease|Any CPU
		{D99C5FBE-1179-41C8-B1CC-0A9FA3F234B1}.ExportRelease|Any CPU.Build.0 = ExportRelease|Any CPU
	EndGlobalSection
EndGlobal
